
Microsoft Visual Studio Solution File, Format Version 12.00
# Visual Studio Version 17
VisualStudioVersion = 17.0.31903.59
MinimumVisualStudioVersion = 10.0.40219.1
Project("{2150E333-8FDC-42A3-9474-1A3956D46DE8}") = "src", "src", "{38D1481C-B467-4A0D-A08E-0599B30B3E4C}"
EndProject
Project("{FAE04EC0-301F-11D3-BF4B-00C04F79EFBC}") = "RoeSnip", "src\RoeSnip\RoeSnip.csproj", "{302D88AE-3DA0-49E5-8068-7BC96259BA4B}"
EndProject
Project("{2150E333-8FDC-42A3-9474-1A3956D46DE8}") = "tests", "tests", "{6D0DE9D1-0019-44F7-A1EB-9D36BD209DA2}"
EndProject
Project("{FAE04EC0-301F-11D3-BF4B-00C04F79EFBC}") = "RoeSnip.Tests", "tests\RoeSnip.Tests\RoeSnip.Tests.csproj", "{0AFF9173-82A7-4437-BD65-BBB843821929}"
EndProject
Project("{FAE04EC0-301F-11D3-BF4B-00C04F79EFBC}") = "RoeSnip.Core", "src\RoeSnip.Core\RoeSnip.Core.csproj", "{1DF20D19-8392-4B71-A30C-1CA646F7C8E6}"
EndProject
Project("{FAE04EC0-301F-11D3-BF4B-00C04F79EFBC}") = "RoeSnip.Platform.Windows", "src\RoeSnip.Platform.Windows\RoeSnip.Platform.Windows.csproj", "{55EFCEA9-A953-46BD-A080-3EC7103B143E}"
EndProject
Project("{FAE04EC0-301F-11D3-BF4B-00C04F79EFBC}") = "RoeSnip.Platform.MacOS", "src\RoeSnip.Platform.MacOS\RoeSnip.Platform.MacOS.csproj", "{486A3963-9CA9-4D0E-87DE-29A8F0D6EA5F}"
EndProject
Project("{FAE04EC0-301F-11D3-BF4B-00C04F79EFBC}") = "RoeSnip.Platform.Linux", "src\RoeSnip.Platform.Linux\RoeSnip.Platform.Linux.csproj", "{1BC825F7-F349-4DDB-B9ED-3D25F3E4F82A}"
EndProject
Project("{FAE04EC0-301F-11D3-BF4B-00C04F79EFBC}") = "RoeSnip.Core.Tests", "tests\RoeSnip.Core.Tests\RoeSnip.Core.Tests.csproj", "{78640FE4-7864-49AC-8F79-8F4FE6719885}"
EndProject
Project("{FAE04EC0-301F-11D3-BF4B-00C04F79EFBC}") = "RoeSnip.Platform.Windows.Tests", "tests\RoeSnip.Platform.Windows.Tests\RoeSnip.Platform.Windows.Tests.csproj", "{BE69618A-5AD8-460F-A052-192ED356806E}"
EndProject
Project("{FAE04EC0-301F-11D3-BF4B-00C04F79EFBC}") = "RoeSnip.App", "src\RoeSnip.App\RoeSnip.App.csproj", "{5C55145E-622B-4102-BD91-2DE6A52A52F1}"
EndProject
Project("{FAE04EC0-301F-11D3-BF4B-00C04F79EFBC}") = "RoeSnip.App.Tests", "tests\RoeSnip.App.Tests\RoeSnip.App.Tests.csproj", "{A6F1B6B0-2B2E-4B7B-9C9E-6B6B1A1D8A11}"
EndProject
Global
	GlobalSection(SolutionConfigurationPlatforms) = preSolution
		Debug|Any CPU = Debug|Any CPU
		Release|Any CPU = Release|Any CPU
	EndGlobalSection
	GlobalSection(SolutionProperties) = preSolution
		HideSolutionNode = FALSE
	EndGlobalSection
	GlobalSection(ProjectConfigurationPlatforms) = postSolution
		{302D88AE-3DA0-49E5-8068-7BC96259BA4B}.Debug|Any CPU.ActiveCfg = Debug|Any CPU
		{302D88AE-3DA0-49E5-8068-7BC96259BA4B}.Debug|Any CPU.Build.0 = Debug|Any CPU
		{302D88AE-3DA0-49E5-8068-7BC96259BA4B}.Release|Any CPU.ActiveCfg = Release|Any CPU
		{302D88AE-3DA0-49E5-8068-7BC96259BA4B}.Release|Any CPU.Build.0 = Release|Any CPU
		{0AFF9173-82A7-4437-BD65-BBB843821929}.Debug|Any CPU.ActiveCfg = Debug|Any CPU
		{0AFF9173-82A7-4437-BD65-BBB843821929}.Debug|Any CPU.Build.0 = Debug|Any CPU
		{0AFF9173-82A7-4437-BD65-BBB843821929}.Release|Any CPU.ActiveCfg = Release|Any CPU
		{0AFF9173-82A7-4437-BD65-BBB843821929}.Release|Any CPU.Build.0 = Release|Any CPU
		{1DF20D19-8392-4B71-A30C-1CA646F7C8E6}.Debug|Any CPU.ActiveCfg = Debug|Any CPU
		{1DF20D19-8392-4B71-A30C-1CA646F7C8E6}.Debug|Any CPU.Build.0 = Debug|Any CPU
		{1DF20D19-8392-4B71-A30C-1CA646F7C8E6}.Release|Any CPU.ActiveCfg = Release|Any CPU
		{1DF20D19-8392-4B71-A30C-1CA646F7C8E6}.Release|Any CPU.Build.0 = Release|Any CPU
		{55EFCEA9-A953-46BD-A080-3EC7103B143E}.Debug|Any CPU.ActiveCfg = Debug|Any CPU
		{55EFCEA9-A953-46BD-A080-3EC7103B143E}.Debug|Any CPU.Build.0 = Debug|Any CPU
		{55EFCEA9-A953-46BD-A080-3EC7103B143E}.Release|Any CPU.ActiveCfg = Release|Any CPU
		{55EFCEA9-A953-46BD-A080-3EC7103B143E}.Release|Any CPU.Build.0 = Release|Any CPU
		{486A3963-9CA9-4D0E-87DE-29A8F0D6EA5F}.Debug|Any CPU.ActiveCfg = Debug|Any CPU
		{486A3963-9CA9-4D0E-87DE-29A8F0D6EA5F}.Debug|Any CPU.Build.0 = Debug|Any CPU
		{486A3963-9CA9-4D0E-87DE-29A8F0D6EA5F}.Release|Any CPU.ActiveCfg = Release|Any CPU
		{486A3963-9CA9-4D0E-87DE-29A8F0D6EA5F}.Release|Any CPU.Build.0 = Release|Any CPU
		{1BC825F7-F349-4DDB-B9ED-3D25F3E4F82A}.Debug|Any CPU.ActiveCfg = Debug|Any CPU
		{1BC825F7-F349-4DDB-B9ED-3D25F3E4F82A}.Debug|Any CPU.Build.0 = Debug|Any CPU
		{1BC825F7-F349-4DDB-B9ED-3D25F3E4F82A}.Release|Any CPU.ActiveCfg = Release|Any CPU
		{1BC825F7-F349-4DDB-B9ED-3D25F3E4F82A}.Release|Any CPU.Build.0 = Release|Any CPU
		{78640FE4-7864-49AC-8F79-8F4FE6719885}.Debug|Any CPU.ActiveCfg = Debug|Any CPU
		{78640FE4-7864-49AC-8F79-8F4FE6719885}.Debug|Any CPU.Build.0 = Debug|Any CPU
		{78640FE4-7864-49AC-8F79-8F4FE6719885}.Release|Any CPU.ActiveCfg = Release|Any CPU
		{78640FE4-7864-49AC-8F79-8F4FE6719885}.Release|Any CPU.Build.0 = Release|Any CPU
		{BE69618A-5AD8-460F-A052-192ED356806E}.Debug|Any CPU.ActiveCfg = Debug|Any CPU
		{BE69618A-5AD8-460F-A052-192ED356806E}.Debug|Any CPU.Build.0 = Debug|Any CPU
		{BE69618A-5AD8-460F-A052-192ED356806E}.Release|Any CPU.ActiveCfg = Release|Any CPU
		{BE69618A-5AD8-460F-A052-192ED356806E}.Release|Any CPU.Build.0 = Release|Any CPU
		{5C55145E-622B-4102-BD91-2DE6A52A52F1}.Debug|Any CPU.ActiveCfg = Debug|Any CPU
		{5C55145E-622B-4102-BD91-2DE6A52A52F1}.Debug|Any CPU.Build.0 = Debug|Any CPU
		{5C55145E-622B-4102-BD91-2DE6A52A52F1}.Release|Any CPU.ActiveCfg = Release|Any CPU
		{5C55145E-622B-4102-BD91-2DE6A52A52F1}.Release|Any CPU.Build.0 = Release|Any CPU
		{A6F1B6B0-2B2E-4B7B-9C9E-6B6B1A1D8A11}.Debug|Any CPU.ActiveCfg = Debug|Any CPU
		{A6F1B6B0-2B2E-4B7B-9C9E-6B6B1A1D8A11}.Debug|Any CPU.Build.0 = Debug|Any CPU
		{A6F1B6B0-2B2E-4B7B-9C9E-6B6B1A1D8A11}.Release|Any CPU.ActiveCfg = Release|Any CPU
		{A6F1B6B0-2B2E-4B7B-9C9E-6B6B1A1D8A11}.Release|Any CPU.Build.0 = Release|Any CPU
	EndGlobalSection
	GlobalSection(NestedProjects) = preSolution
		{302D88AE-3DA0-49E5-8068-7BC96259BA4B} = {38D1481C-B467-4A0D-A08E-0599B30B3E4C}
		{0AFF9173-82A7-4437-BD65-BBB843821929} = {6D0DE9D1-0019-44F7-A1EB-9D36BD209DA2}
		{1DF20D19-8392-4B71-A30C-1CA646F7C8E6} = {38D1481C-B467-4A0D-A08E-0599B30B3E4C}
		{55EFCEA9-A953-46BD-A080-3EC7103B143E} = {38D1481C-B467-4A0D-A08E-0599B30B3E4C}
		{486A3963-9CA9-4D0E-87DE-29A8F0D6EA5F} = {38D1481C-B467-4A0D-A08E-0599B30B3E4C}
		{1BC825F7-F349-4DDB-B9ED-3D25F3E4F82A} = {38D1481C-B467-4A0D-A08E-0599B30B3E4C}
		{78640FE4-7864-49AC-8F79-8F4FE6719885} = {6D0DE9D1-0019-44F7-A1EB-9D36BD209DA2}
		{BE69618A-5AD8-460F-A052-192ED356806E} = {6D0DE9D1-0019-44F7-A1EB-9D36BD209DA2}
		{5C55145E-622B-4102-BD91-2DE6A52A52F1} = {38D1481C-B467-4A0D-A08E-0599B30B3E4C}
		{A6F1B6B0-2B2E-4B7B-9C9E-6B6B1A1D8A11} = {6D0DE9D1-0019-44F7-A1EB-9D36BD209DA2}
	EndGlobalSection
EndGlobal
